// !$*UTF8*$!
{
	archiveVersion = 1;
	classes = {
	};
	objectVersion = 46;
	objects = {

/* Begin PBXBuildFile section */
		528B6F731B13928100C98EC0 /* BLCAwesomeFloatingToolbar.m in Sources */ = {isa = PBXBuildFile; fileRef = 528B6F721B13928100C98EC0 /* BLCAwesomeFloatingToolbar.m */; };
		5299830B1B128420005ACC5A /* main.m in Sources */ = {isa = PBXBuildFile; fileRef = 5299830A1B128420005ACC5A /* main.m */; };
		5299830E1B128420005ACC5A /* AppDelegate.m in Sources */ = {isa = PBXBuildFile; fileRef = 5299830D1B128420005ACC5A /* AppDelegate.m */; };
		529983101B128420005ACC5A /* Images.xcassets in Resources */ = {isa = PBXBuildFile; fileRef = 5299830F1B128420005ACC5A /* Images.xcassets */; };
		529983131B128420005ACC5A /* LaunchScreen.xib in Resources */ = {isa = PBXBuildFile; fileRef = 529983111B128420005ACC5A /* LaunchScreen.xib */; };
		5299831F1B128420005ACC5A /* BlocBrowserTests.m in Sources */ = {isa = PBXBuildFile; fileRef = 5299831E1B128420005ACC5A /* BlocBrowserTests.m */; };
		5299832A1B128558005ACC5A /* BLCWebBrowserViewController.m in Sources */ = {isa = PBXBuildFile; fileRef = 529983291B128558005ACC5A /* BLCWebBrowserViewController.m */; };
/* End PBXBuildFile section */

/* Begin PBXContainerItemProxy section */
		529983191B128420005ACC5A /* PBXContainerItemProxy */ = {
			isa = PBXContainerItemProxy;
			containerPortal = 529982FD1B128420005ACC5A /* Project object */;
			proxyType = 1;
			remoteGlobalIDString = 529983041B128420005ACC5A;
			remoteInfo = BlocBrowser;
		};
/* End PBXContainerItemProxy section */

/* Begin PBXFileReference section */
		528B6F711B13928100C98EC0 /* BLCAwesomeFloatingToolbar.h */ = {isa = PBXFileReference; fileEncoding = 4; lastKnownFileType = sourcecode.c.h; path = BLCAwesomeFloatingToolbar.h; sourceTree = "<group>"; };
		528B6F721B13928100C98EC0 /* BLCAwesomeFloatingToolbar.m */ = {isa = PBXFileReference; fileEncoding = 4; lastKnownFileType = sourcecode.c.objc; path = BLCAwesomeFloatingToolbar.m; sourceTree = "<group>"; };
		529983051B128420005ACC5A /* BlocBrowser.app */ = {isa = PBXFileReference; explicitFileType = wrapper.application; includeInIndex = 0; path = BlocBrowser.app; sourceTree = BUILT_PRODUCTS_DIR; };
		529983091B128420005ACC5A /* Info.plist */ = {isa = PBXFileReference; lastKnownFileType = text.plist.xml; path = Info.plist; sourceTree = "<group>"; };
		5299830A1B128420005ACC5A /* main.m */ = {isa = PBXFileReference; lastKnownFileType = sourcecode.c.objc; path = main.m; sourceTree = "<group>"; };
		5299830C1B128420005ACC5A /* AppDelegate.h */ = {isa = PBXFileReference; lastKnownFileType = sourcecode.c.h; path = AppDelegate.h; sourceTree = "<group>"; };
		5299830D1B128420005ACC5A /* AppDelegate.m */ = {isa = PBXFileReference; lastKnownFileType = sourcecode.c.objc; path = AppDelegate.m; sourceTree = "<group>"; };
		5299830F1B128420005ACC5A /* Images.xcassets */ = {isa = PBXFileReference; lastKnownFileType = folder.assetcatalog; path = Images.xcassets; sourceTree = "<group>"; };
		529983121B128420005ACC5A /* Base */ = {isa = PBXFileReference; lastKnownFileType = file.xib; name = Base; path = Base.lproj/LaunchScreen.xib; sourceTree = "<group>"; };
		529983181B128420005ACC5A /* BlocBrowserTests.xctest */ = {isa = PBXFileReference; explicitFileType = wrapper.cfbundle; includeInIndex = 0; path = BlocBrowserTests.xctest; sourceTree = BUILT_PRODUCTS_DIR; };
		5299831D1B128420005ACC5A /* Info.plist */ = {isa = PBXFileReference; lastKnownFileType = text.plist.xml; path = Info.plist; sourceTree = "<group>"; };
		5299831E1B128420005ACC5A /* BlocBrowserTests.m */ = {isa = PBXFileReference; lastKnownFileType = sourcecode.c.objc; path = BlocBrowserTests.m; sourceTree = "<group>"; };
		529983281B128558005ACC5A /* BLCWebBrowserViewController.h */ = {isa = PBXFileReference; fileEncoding = 4; lastKnownFileType = sourcecode.c.h; path = BLCWebBrowserViewController.h; sourceTree = "<group>"; };
		529983291B128558005ACC5A /* BLCWebBrowserViewController.m */ = {isa = PBXFileReference; fileEncoding = 4; lastKnownFileType = sourcecode.c.objc; path = BLCWebBrowserViewController.m; sourceTree = "<group>"; };
/* End PBXFileReference section */

/* Begin PBXFrameworksBuildPhase section */
		529983021B128420005ACC5A /* Frameworks */ = {
			isa = PBXFrameworksBuildPhase;
			buildActionMask = 2147483647;
			files = (
			);
			runOnlyForDeploymentPostprocessing = 0;
		};
		529983151B128420005ACC5A /* Frameworks */ = {
			isa = PBXFrameworksBuildPhase;
			buildActionMask = 2147483647;
			files = (
			);
			runOnlyForDeploymentPostprocessing = 0;
		};
/* End PBXFrameworksBuildPhase section */

/* Begin PBXGroup section */
		529982FC1B128420005ACC5A = {
			isa = PBXGroup;
			children = (
				529983071B128420005ACC5A /* BlocBrowser */,
				5299831B1B128420005ACC5A /* BlocBrowserTests */,
				529983061B128420005ACC5A /* Products */,
			);
			sourceTree = "<group>";
		};
		529983061B128420005ACC5A /* Products */ = {
			isa = PBXGroup;
			children = (
				529983051B128420005ACC5A /* BlocBrowser.app */,
				529983181B128420005ACC5A /* BlocBrowserTests.xctest */,
			);
			name = Products;
			sourceTree = "<group>";
		};
		529983071B128420005ACC5A /* BlocBrowser */ = {
			isa = PBXGroup;
			children = (
				5299830C1B128420005ACC5A /* AppDelegate.h */,
				5299830D1B128420005ACC5A /* AppDelegate.m */,
				5299830F1B128420005ACC5A /* Images.xcassets */,
				529983111B128420005ACC5A /* LaunchScreen.xib */,
				529983081B128420005ACC5A /* Supporting Files */,
				529983281B128558005ACC5A /* BLCWebBrowserViewController.h */,
				529983291B128558005ACC5A /* BLCWebBrowserViewController.m */,
				528B6F711B13928100C98EC0 /* BLCAwesomeFloatingToolbar.h */,
				528B6F721B13928100C98EC0 /* BLCAwesomeFloatingToolbar.m */,
			);
			path = BlocBrowser;
			sourceTree = "<group>";
		};
		529983081B128420005ACC5A /* Supporting Files */ = {
			isa = PBXGroup;
			children = (
				529983091B128420005ACC5A /* Info.plist */,
				5299830A1B128420005ACC5A /* main.m */,
			);
			name = "Supporting Files";
			sourceTree = "<group>";
		};
		5299831B1B128420005ACC5A /* BlocBrowserTests */ = {
			isa = PBXGroup;
			children = (
				5299831E1B128420005ACC5A /* BlocBrowserTests.m */,
				5299831C1B128420005ACC5A /* Supporting Files */,
			);
			path = BlocBrowserTests;
			sourceTree = "<group>";
		};
		5299831C1B128420005ACC5A /* Supporting Files */ = {
			isa = PBXGroup;
			children = (
				5299831D1B128420005ACC5A /* Info.plist */,
			);
			name = "Supporting Files";
			sourceTree = "<group>";
		};
/* End PBXGroup section */

/* Begin PBXNativeTarget section */
		529983041B128420005ACC5A /* BlocBrowser */ = {
			isa = PBXNativeTarget;
			buildConfigurationList = 529983221B128420005ACC5A /* Build configuration list for PBXNativeTarget "BlocBrowser" */;
			buildPhases = (
				529983011B128420005ACC5A /* Sources */,
				529983021B128420005ACC5A /* Frameworks */,
				529983031B128420005ACC5A /* Resources */,
			);
			buildRules = (
			);
			dependencies = (
			);
			name = BlocBrowser;
			productName = BlocBrowser;
			productReference = 529983051B128420005ACC5A /* BlocBrowser.app */;
			productType = "com.apple.product-type.application";
		};
		529983171B128420005ACC5A /* BlocBrowserTests */ = {
			isa = PBXNativeTarget;
			buildConfigurationList = 529983251B128420005ACC5A /* Build configuration list for PBXNativeTarget "BlocBrowserTests" */;
			buildPhases = (
				529983141B128420005ACC5A /* Sources */,
				529983151B128420005ACC5A /* Frameworks */,
				529983161B128420005ACC5A /* Resources */,
			);
			buildRules = (
			);
			dependencies = (
				5299831A1B128420005ACC5A /* PBXTargetDependency */,
			);
			name = BlocBrowserTests;
			productName = BlocBrowserTests;
			productReference = 529983181B128420005ACC5A /* BlocBrowserTests.xctest */;
			productType = "com.apple.product-type.bundle.unit-test";
		};
/* End PBXNativeTarget section */

/* Begin PBXProject section */
		529982FD1B128420005ACC5A /* Project object */ = {
			isa = PBXProject;
			attributes = {
				LastUpgradeCheck = 0630;
				ORGANIZATIONNAME = Blancode;
				TargetAttributes = {
					529983041B128420005ACC5A = {
						CreatedOnToolsVersion = 6.3.1;
					};
					529983171B128420005ACC5A = {
						CreatedOnToolsVersion = 6.3.1;
						TestTargetID = 529983041B128420005ACC5A;
					};
				};
			};
			buildConfigurationList = 529983001B128420005ACC5A /* Build configuration list for PBXProject "BlocBrowser" */;
			compatibilityVersion = "Xcode 3.2";
			developmentRegion = English;
			hasScannedForEncodings = 0;
			knownRegions = (
				en,
				Base,
			);
			mainGroup = 529982FC1B128420005ACC5A;
			productRefGroup = 529983061B128420005ACC5A /* Products */;
			projectDirPath = "";
			projectRoot = "";
			targets = (
				529983041B128420005ACC5A /* BlocBrowser */,
				529983171B128420005ACC5A /* BlocBrowserTests */,
			);
		};
/* End PBXProject section */

/* Begin PBXResourcesBuildPhase section */
		529983031B128420005ACC5A /* Resources */ = {
			isa = PBXResourcesBuildPhase;
			buildActionMask = 2147483647;
			files = (
				529983131B128420005ACC5A /* LaunchScreen.xib in Resources */,
				529983101B128420005ACC5A /* Images.xcassets in Resources */,
			);
			runOnlyForDeploymentPostprocessing = 0;
		};
		529983161B128420005ACC5A /* Resources */ = {
			isa = PBXResourcesBuildPhase;
			buildActionMask = 2147483647;
			files = (
			);
			runOnlyForDeploymentPostprocessing = 0;
		};
/* End PBXResourcesBuildPhase section */

/* Begin PBXSourcesBuildPhase section */
		529983011B128420005ACC5A /* Sources */ = {
			isa = PBXSourcesBuildPhase;
			buildActionMask = 2147483647;
			files = (
				5299830E1B128420005ACC5A /* AppDelegate.m in Sources */,
				5299830B1B128420005ACC5A /* main.m in Sources */,
				5299832A1B128558005ACC5A /* BLCWebBrowserViewController.m in Sources */,
				528B6F731B13928100C98EC0 /* BLCAwesomeFloatingToolbar.m in Sources */,
			);
			runOnlyForDeploymentPostprocessing = 0;
		};
		529983141B128420005ACC5A /* Sources */ = {
			isa = PBXSourcesBuildPhase;
			buildActionMask = 2147483647;
			files = (
				5299831F1B128420005ACC5A /* BlocBrowserTests.m in Sources */,
			);
			runOnlyForDeploymentPostprocessing = 0;
		};
/* End PBXSourcesBuildPhase section */

/* Begin PBXTargetDependency section */
		5299831A1B128420005ACC5A /* PBXTargetDependency */ = {
			isa = PBXTargetDependency;
			target = 529983041B128420005ACC5A /* BlocBrowser */;
			targetProxy = 529983191B128420005ACC5A /* PBXContainerItemProxy */;
		};
/* End PBXTargetDependency section */

/* Begin PBXVariantGroup section */
		529983111B128420005ACC5A /* LaunchScreen.xib */ = {
			isa = PBXVariantGroup;
			children = (
				529983121B128420005ACC5A /* Base */,
			);
			name = LaunchScreen.xib;
			sourceTree = "<group>";
		};
/* End PBXVariantGroup section */

/* Begin XCBuildConfiguration section */
		529983201B128420005ACC5A /* Debug */ = {
			isa = XCBuildConfiguration;
			buildSettings = {
				ALWAYS_SEARCH_USER_PATHS = NO;
				CLANG_CXX_LANGUAGE_STANDARD = "gnu++0x";
				CLANG_CXX_LIBRARY = "libc++";
				CLANG_ENABLE_MODULES = YES;
				CLANG_ENABLE_OBJC_ARC = YES;
				CLANG_WARN_BOOL_CONVERSION = YES;
				CLANG_WARN_CONSTANT_CONVERSION = YES;
				CLANG_WARN_DIRECT_OBJC_ISA_USAGE = YES_ERROR;
				CLANG_WARN_EMPTY_BODY = YES;
				CLANG_WARN_ENUM_CONVERSION = YES;
				CLANG_WARN_INT_CONVERSION = YES;
				CLANG_WARN_OBJC_ROOT_CLASS = YES_ERROR;
				CLANG_WARN_UNREACHABLE_CODE = YES;
				CLANG_WARN__DUPLICATE_METHOD_MATCH = YES;
				"CODE_SIGN_IDENTITY[sdk=iphoneos*]" = "iPhone Developer";
				COPY_PHASE_STRIP = NO;
				DEBUG_INFORMATION_FORMAT = "dwarf-with-dsym";
				ENABLE_STRICT_OBJC_MSGSEND = YES;
				GCC_C_LANGUAGE_STANDARD = gnu99;
				GCC_DYNAMIC_NO_PIC = NO;
				GCC_NO_COMMON_BLOCKS = YES;
				GCC_OPTIMIZATION_LEVEL = 0;
				GCC_PREPROCESSOR_DEFINITIONS = (
					"DEBUG=1",
					"$(inherited)",
				);
				GCC_SYMBOLS_PRIVATE_EXTERN = NO;
				GCC_WARN_64_TO_32_BIT_CONVERSION = YES;
				GCC_WARN_ABOUT_RETURN_TYPE = YES_ERROR;
				GCC_WARN_UNDECLARED_SELECTOR = YES;
				GCC_WARN_UNINITIALIZED_AUTOS = YES_AGGRESSIVE;
				GCC_WARN_UNUSED_FUNCTION = YES;
				GCC_WARN_UNUSED_VARIABLE = YES;
				IPHONEOS_DEPLOYMENT_TARGET = 8.3;
				MTL_ENABLE_DEBUG_INFO = YES;
				ONLY_ACTIVE_ARCH = YES;
				SDKROOT = iphoneos;
			};
			name = Debug;
		};
		529983211B128420005ACC5A /* Release */ = {
			isa = XCBuildConfiguration;
			buildSettings = {
				ALWAYS_SEARCH_USER_PATHS = NO;
				CLANG_CXX_LANGUAGE_STANDARD = "gnu++0x";
				CLANG_CXX_LIBRARY = "libc++";
				CLANG_ENABLE_MODULES = YES;
				CLANG_ENABLE_OBJC_ARC = YES;
				CLANG_WARN_BOOL_CONVERSION = YES;
				CLANG_WARN_CONSTANT_CONVERSION = YES;
				CLANG_WARN_DIRECT_OBJC_ISA_USAGE = YES_ERROR;
				CLANG_WARN_EMPTY_BODY = YES;
				CLANG_WARN_ENUM_CONVERSION = YES;
				CLANG_WARN_INT_CONVERSION = YES;
				CLANG_WARN_OBJC_ROOT_CLASS = YES_ERROR;
				CLANG_WARN_UNREACHABLE_CODE = YES;
				CLANG_WARN__DUPLICATE_METHOD_MATCH = YES;
				"CODE_SIGN_IDENTITY[sdk=iphoneos*]" = "iPhone Developer";
				COPY_PHASE_STRIP = NO;
				DEBUG_INFORMATION_FORMAT = "dwarf-with-dsym";
				ENABLE_NS_ASSERTIONS = NO;
				ENABLE_STRICT_OBJC_MSGSEND = YES;
				GCC_C_LANGUAGE_STANDARD = gnu99;
				GCC_NO_COMMON_BLOCKS = YES;
				GCC_WARN_64_TO_32_BIT_CONVERSION = YES;
				GCC_WARN_ABOUT_RETURN_TYPE = YES_ERROR;
				GCC_WARN_UNDECLARED_SELECTOR = YES;
				GCC_WARN_UNINITIALIZED_AUTOS = YES_AGGRESSIVE;
				GCC_WARN_UNUSED_FUNCTION = YES;
				GCC_WARN_UNUSED_VARIABLE = YES;
				IPHONEOS_DEPLOYMENT_TARGET = 8.3;
				MTL_ENABLE_DEBUG_INFO = NO;
				SDKROOT = iphoneos;
				VALIDATE_PRODUCT = YES;
			};
			name = Release;
		};
		529983231B128420005ACC5A /* Debug */ = {
			isa = XCBuildConfiguration;
			buildSettings = {
				ASSETCATALOG_COMPILER_APPICON_NAME = AppIcon;
				INFOPLIST_FILE = BlocBrowser/Info.plist;
				LD_RUNPATH_SEARCH_PATHS = "$(inherited) @executable_path/Frameworks";
				PRODUCT_NAME = "$(TARGET_NAME)";
			};
			name = Debug;
		};
		529983241B128420005ACC5A /* Release */ = {
			isa = XCBuildConfiguration;
			buildSettings = {
				ASSETCATALOG_COMPILER_APPICON_NAME = AppIcon;
				INFOPLIST_FILE = BlocBrowser/Info.plist;
				LD_RUNPATH_SEARCH_PATHS = "$(inherited) @executable_path/Frameworks";
				PRODUCT_NAME = "$(TARGET_NAME)";
			};
			name = Release;
		};
		529983261B128420005ACC5A /* Debug */ = {
			isa = XCBuildConfiguration;
			buildSettings = {
				BUNDLE_LOADER = "$(TEST_HOST)";
				FRAMEWORK_SEARCH_PATHS = (
					"$(SDKROOT)/Developer/Library/Frameworks",
					"$(inherited)",
				);
				GCC_PREPROCESSOR_DEFINITIONS = (
					"DEBUG=1",
					"$(inherited)",
				);
				INFOPLIST_FILE = BlocBrowserTests/Info.plist;
				LD_RUNPATH_SEARCH_PATHS = "$(inherited) @executable_path/Frameworks @loader_path/Frameworks";
				PRODUCT_NAME = "$(TARGET_NAME)";
				TEST_HOST = "$(BUILT_PRODUCTS_DIR)/BlocBrowser.app/BlocBrowser";
			};
			name = Debug;
		};
		529983271B128420005ACC5A /* Release */ = {
			isa = XCBuildConfiguration;
			buildSettings = {
				BUNDLE_LOADER = "$(TEST_HOST)";
				FRAMEWORK_SEARCH_PATHS = (
					"$(SDKROOT)/Developer/Library/Frameworks",
					"$(inherited)",
				);
				INFOPLIST_FILE = BlocBrowserTests/Info.plist;
				LD_RUNPATH_SEARCH_PATHS = "$(inherited) @executable_path/Frameworks @loader_path/Frameworks";
				PRODUCT_NAME = "$(TARGET_NAME)";
				TEST_HOST = "$(BUILT_PRODUCTS_DIR)/BlocBrowser.app/BlocBrowser";
			};
			name = Release;
		};
/* End XCBuildConfiguration section */

/* Begin XCConfigurationList section */
		529983001B128420005ACC5A /* Build configuration list for PBXProject "BlocBrowser" */ = {
			isa = XCConfigurationList;
			buildConfigurations = (
				529983201B128420005ACC5A /* Debug */,
				529983211B128420005ACC5A /* Release */,
			);
			defaultConfigurationIsVisible = 0;
			defaultConfigurationName = Release;
		};
		529983221B128420005ACC5A /* Build configuration list for PBXNativeTarget "BlocBrowser" */ = {
			isa = XCConfigurationList;
			buildConfigurations = (
				529983231B128420005ACC5A /* Debug */,
				529983241B128420005ACC5A /* Release */,
			);
			defaultConfigurationIsVisible = 0;
			defaultConfigurationName = Release;
		};
		529983251B128420005ACC5A /* Build configuration list for PBXNativeTarget "BlocBrowserTests" */ = {
			isa = XCConfigurationList;
			buildConfigurations = (
				529983261B128420005ACC5A /* Debug */,
				529983271B128420005ACC5A /* Release */,
			);
			defaultConfigurationIsVisible = 0;
			defaultConfigurationName = Release;
		};
/* End XCConfigurationList section */
	};
	rootObject = 529982FD1B128420005ACC5A /* Project object */;
}
